// !$*UTF8*$!
{
	archiveVersion = 1;
	classes = {
	};
	objectVersion = 77;
	objects = {

/* Begin PBXBuildFile section */
		40CB85562F9E174E007CF994 /* LICENSE.txt in Resources */ = {isa = PBXBuildFile; fileRef = 40CB85552F9E174E007CF994 /* LICENSE.txt */; };
		40CB85582F9E1795007CF994 /* README.md in Resources */ = {isa = PBXBuildFile; fileRef = 40CB85572F9E1795007CF994 /* README.md */; };
/* End PBXBuildFile section */

/* Begin PBXFileReference section */
		40CB84882F9BC7E5007CF994 /* DemoBots.app */ = {isa = PBXFileReference; explicitFileType = wrapper.application; includeInIndex = 0; path = DemoBots.app; sourceTree = BUILT_PRODUCTS_DIR; };
		40CB84992F9BC7E5007CF994 /* DemoBots.app */ = {isa = PBXFileReference; explicitFileType = wrapper.application; includeInIndex = 0; path = DemoBots.app; sourceTree = BUILT_PRODUCTS_DIR; };
		40CB84A92F9BC7E5007CF994 /* DemoBots.app */ = {isa = PBXFileReference; explicitFileType = wrapper.application; includeInIndex = 0; path = DemoBots.app; sourceTree = BUILT_PRODUCTS_DIR; };
		40CB85552F9E174E007CF994 /* LICENSE.txt */ = {isa = PBXFileReference; lastKnownFileType = text; path = LICENSE.txt; sourceTree = "<group>"; };
		40CB85572F9E1795007CF994 /* README.md */ = {isa = PBXFileReference; lastKnownFileType = net.daringfireball.markdown; path = README.md; sourceTree = "<group>"; };
/* End PBXFileReference section */

/* Begin PBXFileSystemSynchronizedBuildFileExceptionSet section */
		40CB84BE2F9BC7E5007CF994 /* Exceptions for "DemoBots Shared" folder in "DemoBots iOS" target */ = {
			isa = PBXFileSystemSynchronizedBuildFileExceptionSet;
			membershipExceptions = (
				Actions.sks,
				Assets.xcassets,
				GameScene.sks,
				GameScene.swift,
			);
			target = 40CB84872F9BC7E5007CF994 /* DemoBots iOS */;
		};
		40CB84C22F9BC7E5007CF994 /* Exceptions for "DemoBots iOS" folder in "DemoBots iOS" target */ = {
			isa = PBXFileSystemSynchronizedBuildFileExceptionSet;
			membershipExceptions = (
				Info.plist,
			);
			target = 40CB84872F9BC7E5007CF994 /* DemoBots iOS */;
		};
		40CB84C32F9BC7E5007CF994 /* Exceptions for "DemoBots Shared" folder in "DemoBots tvOS" target */ = {
			isa = PBXFileSystemSynchronizedBuildFileExceptionSet;
			membershipExceptions = (
				Actions.sks,
				Assets.xcassets,
				GameScene.sks,
				GameScene.swift,
			);
			target = 40CB84982F9BC7E5007CF994 /* DemoBots tvOS */;
		};
		40CB84C72F9BC7E5007CF994 /* Exceptions for "DemoBots tvOS" folder in "DemoBots tvOS" target */ = {
			isa = PBXFileSystemSynchronizedBuildFileExceptionSet;
			membershipExceptions = (
				Info.plist,
			);
			target = 40CB84982F9BC7E5007CF994 /* DemoBots tvOS */;
		};
		40CB84C82F9BC7E5007CF994 /* Exceptions for "DemoBots Shared" folder in "DemoBots macOS" target */ = {
			isa = PBXFileSystemSynchronizedBuildFileExceptionSet;
			membershipExceptions = (
				Actions.sks,
				Assets.xcassets,
				GameScene.sks,
				GameScene.swift,
			);
			target = 40CB84A82F9BC7E5007CF994 /* DemoBots macOS */;
		};
		40CB84DC2F9E01CC007CF994 /* Exceptions for "Resources" folder in "DemoBots tvOS" target */ = {
			isa = PBXFileSystemSynchronizedBuildFileExceptionSet;
			membershipExceptions = (
				Assets/Beam.xcassets,
				Assets/FlyingBot.xcassets,
				Assets/GroundBot.xcassets,
				Assets/Images.xcassets,
				Assets/Level1.xcassets,
				Assets/Level2.xcassets,
				Assets/Level3.xcassets,
				Assets/PlayerBot.xcassets,
				Assets/Scenery.xcassets,
				Scenes/Levels/EndScene/EndScene.sks,
				Scenes/Levels/HomeScene/HomeScene.sks,
				Scenes/Levels/Levels/Level1/Level1.sks,
				Scenes/Levels/Levels/Level2/Level2.sks,
				Scenes/Levels/Levels/Level3/Level3.sks,
				"Scenes/Levels/LevelScene states/FailScene.sks",
				"Scenes/Levels/LevelScene states/PauseScene.sks",
				"Scenes/Levels/LevelScene states/SuccessScene.sks",
				Scenes/Levels/ProgressScene/ProgressScene.sks,
				Scenes/Shared/Beam/BeamLine.sks,
				Scenes/Shared/ButtonFocusActions.sks,
				Scenes/Shared/ReferenceActions.sks,
				Scenes/Shared/ReferenceScene.sks,
			);
			target = 40CB84982F9BC7E5007CF994 /* DemoBots tvOS */;
		};
		40CB84DD2F9E01CC007CF994 /* Exceptions for "Resources" folder in "DemoBots macOS" target */ = {
			isa = PBXFileSystemSynchronizedBuildFileExceptionSet;
			membershipExceptions = (
				Assets/Beam.xcassets,
				Assets/FlyingBot.xcassets,
				Assets/GroundBot.xcassets,
				Assets/Images.xcassets,
				Assets/Level1.xcassets,
				Assets/Level2.xcassets,
				Assets/Level3.xcassets,
				Assets/PlayerBot.xcassets,
				Assets/Scenery.xcassets,
				Scenes/Levels/EndScene/EndScene.sks,
				Scenes/Levels/HomeScene/HomeScene.sks,
				Scenes/Levels/Levels/Level1/Level1.sks,
				Scenes/Levels/Levels/Level2/Level2.sks,
				Scenes/Levels/Levels/Level3/Level3.sks,
				"Scenes/Levels/LevelScene states/FailScene.sks",
				"Scenes/Levels/LevelScene states/PauseScene.sks",
				"Scenes/Levels/LevelScene states/SuccessScene.sks",
				Scenes/Levels/ProgressScene/ProgressScene.sks,
				Scenes/Shared/Beam/BeamLine.sks,
				Scenes/Shared/ButtonFocusActions.sks,
				Scenes/Shared/ReferenceActions.sks,
				Scenes/Shared/ReferenceScene.sks,
			);
			target = 40CB84A82F9BC7E5007CF994 /* DemoBots macOS */;
		};
		40CB854A2F9E0EC3007CF994 /* Exceptions for "Sources" folder in "DemoBots tvOS" target */ = {
			isa = PBXFileSystemSynchronizedBuildFileExceptionSet;
			membershipExceptions = (
				Behaviors/TaskBotBehavior.swift,
				Components/AnimationComponent.swift,
				Components/BeamComponent.swift,
				Components/ChargeComponent.swift,
				Components/InputComponent.swift,
				Components/IntelligenceComponent.swift,
				Components/MovementComponent.swift,
				Components/OrientationComponent.swift,
				Components/PhysicsComponent.swift,
				Components/RenderComponent.swift,
				Components/RulesComponent.swift,
				Components/ShadowComponent.swift,
				Controllers/KeyboardControlInputSource.swift,
				Entities/FlyingBot.swift,
				Entities/GroundBot.swift,
				Entities/PlayerBot.swift,
				Entities/TaskBot.swift,
				Entities/TaskBotAgent.swift,
				Nodes/BeamNode.swift,
				Nodes/ButtonNode.swift,
				Nodes/ChargeBar.swift,
				Nodes/ThumbStickNode.swift,
				Nodes/TouchControlInputNode.swift,
				Operations/LoadResourcesOperation.swift,
				Operations/LoadSceneOperation.swift,
				Operations/SceneOperation.swift,
				Physics/ColliderType.swift,
				Protocols/ContactNotifiableType.swift,
				Protocols/ControlInputSource.swift,
				Protocols/ResourceLoadableType.swift,
				Rules/FuzzyTaskBotRule.swift,
				Rules/LevelStateSnapshot.swift,
				Rules/Rules.swift,
				Shaders/Teleport.fsh,
				States/BeamCoolingState.swift,
				States/BeamFiringState.swift,
				States/BeamIdleState.swift,
				States/FlyingBotBlastState.swift,
				States/FlyingBotPreAttackState.swift,
				States/GroundBotAttackState.swift,
				States/GroundBotPreAttackState.swift,
				States/GroundBotRotateToAttackState.swift,
				States/PlayerBotAppearState.swift,
				States/PlayerBotHitState.swift,
				States/PlayerBotPlayerControlledState.swift,
				States/PlayerBotRechargingState.swift,
				States/TaskBotAgentControlledState.swift,
				States/TaskBotZappedState.swift,
				Utilities/CompassDirection.swift,
				Utilities/Utilities.swift,
			);
			target = 40CB84982F9BC7E5007CF994 /* DemoBots tvOS */;
		};
		40CB854B2F9E0EC3007CF994 /* Exceptions for "Sources" folder in "DemoBots macOS" target */ = {
			isa = PBXFileSystemSynchronizedBuildFileExceptionSet;
			membershipExceptions = (
				Behaviors/TaskBotBehavior.swift,
				Components/AnimationComponent.swift,
				Components/BeamComponent.swift,
				Components/ChargeComponent.swift,
				Components/InputComponent.swift,
				Components/IntelligenceComponent.swift,
				Components/MovementComponent.swift,
				Components/OrientationComponent.swift,
				Components/PhysicsComponent.swift,
				Components/RenderComponent.swift,
				Components/RulesComponent.swift,
				Components/ShadowComponent.swift,
				Controllers/KeyboardControlInputSource.swift,
				Entities/FlyingBot.swift,
				Entities/GroundBot.swift,
				Entities/PlayerBot.swift,
				Entities/TaskBot.swift,
				Entities/TaskBotAgent.swift,
				Nodes/BeamNode.swift,
				Nodes/ButtonNode.swift,
				Nodes/ChargeBar.swift,
				Nodes/ThumbStickNode.swift,
				Nodes/TouchControlInputNode.swift,
				Operations/LoadResourcesOperation.swift,
				Operations/LoadSceneOperation.swift,
				Operations/SceneOperation.swift,
				Physics/ColliderType.swift,
				Protocols/ContactNotifiableType.swift,
				Protocols/ControlInputSource.swift,
				Protocols/ResourceLoadableType.swift,
				Rules/FuzzyTaskBotRule.swift,
				Rules/LevelStateSnapshot.swift,
				Rules/Rules.swift,
				Shaders/Teleport.fsh,
				States/BeamCoolingState.swift,
				States/BeamFiringState.swift,
				States/BeamIdleState.swift,
				States/FlyingBotBlastState.swift,
				States/FlyingBotPreAttackState.swift,
				States/GroundBotAttackState.swift,
				States/GroundBotPreAttackState.swift,
				States/GroundBotRotateToAttackState.swift,
				States/PlayerBotAppearState.swift,
				States/PlayerBotHitState.swift,
				States/PlayerBotPlayerControlledState.swift,
				States/PlayerBotRechargingState.swift,
				States/TaskBotAgentControlledState.swift,
				States/TaskBotZappedState.swift,
				Utilities/CompassDirection.swift,
				Utilities/Utilities.swift,
			);
			target = 40CB84A82F9BC7E5007CF994 /* DemoBots macOS */;
		};
/* End PBXFileSystemSynchronizedBuildFileExceptionSet section */

/* Begin PBXFileSystemSynchronizedRootGroup section */
		40CB847F2F9BC7E3007CF994 /* DemoBots Shared */ = {
			isa = PBXFileSystemSynchronizedRootGroup;
			exceptions = (
				40CB84BE2F9BC7E5007CF994 /* Exceptions for "DemoBots Shared" folder in "DemoBots iOS" target */,
				40CB84C32F9BC7E5007CF994 /* Exceptions for "DemoBots Shared" folder in "DemoBots tvOS" target */,
				40CB84C82F9BC7E5007CF994 /* Exceptions for "DemoBots Shared" folder in "DemoBots macOS" target */,
			);
			path = "DemoBots Shared";
			sourceTree = "<group>";
		};
		40CB848A2F9BC7E5007CF994 /* DemoBots iOS */ = {
			isa = PBXFileSystemSynchronizedRootGroup;
			exceptions = (
				40CB84C22F9BC7E5007CF994 /* Exceptions for "DemoBots iOS" folder in "DemoBots iOS" target */,
			);
			path = "DemoBots iOS";
			sourceTree = "<group>";
		};
		40CB849A2F9BC7E5007CF994 /* DemoBots tvOS */ = {
			isa = PBXFileSystemSynchronizedRootGroup;
			exceptions = (
				40CB84C72F9BC7E5007CF994 /* Exceptions for "DemoBots tvOS" folder in "DemoBots tvOS" target */,
			);
			path = "DemoBots tvOS";
			sourceTree = "<group>";
		};
		40CB84AA2F9BC7E5007CF994 /* DemoBots macOS */ = {
			isa = PBXFileSystemSynchronizedRootGroup;
			path = "DemoBots macOS";
			sourceTree = "<group>";
		};
		40CB84CE2F9BC83E007CF994 /* Sources */ = {
			isa = PBXFileSystemSynchronizedRootGroup;
			exceptions = (
				40CB854A2F9E0EC3007CF994 /* Exceptions for "Sources" folder in "DemoBots tvOS" target */,
				40CB854B2F9E0EC3007CF994 /* Exceptions for "Sources" folder in "DemoBots macOS" target */,
			);
			path = Sources;
			sourceTree = "<group>";
		};
		40CB84CF2F9BC849007CF994 /* Resources */ = {
			isa = PBXFileSystemSynchronizedRootGroup;
			exceptions = (
				40CB84DC2F9E01CC007CF994 /* Exceptions for "Resources" folder in "DemoBots tvOS" target */,
				40CB84DD2F9E01CC007CF994 /* Exceptions for "Resources" folder in "DemoBots macOS" target */,
			);
			path = Resources;
			sourceTree = "<group>";
		};
		40CB84D02F9BC859007CF994 /* Data */ = {
			isa = PBXFileSystemSynchronizedRootGroup;
			path = Data;
			sourceTree = "<group>";
		};
/* End PBXFileSystemSynchronizedRootGroup section */

/* Begin PBXFrameworksBuildPhase section */
		40CB84852F9BC7E5007CF994 /* Frameworks */ = {
			isa = PBXFrameworksBuildPhase;
			buildActionMask = 2147483647;
			files = (
			);
			runOnlyForDeploymentPostprocessing = 0;
		};
		40CB84962F9BC7E5007CF994 /* Frameworks */ = {
			isa = PBXFrameworksBuildPhase;
			buildActionMask = 2147483647;
			files = (
			);
			runOnlyForDeploymentPostprocessing = 0;
		};
		40CB84A62F9BC7E5007CF994 /* Frameworks */ = {
			isa = PBXFrameworksBuildPhase;
			buildActionMask = 2147483647;
			files = (
			);
			runOnlyForDeploymentPostprocessing = 0;
		};
/* End PBXFrameworksBuildPhase section */

/* Begin PBXGroup section */
		40CB847A2F9BC7E2007CF994 = {
			isa = PBXGroup;
			children = (
				40CB85572F9E1795007CF994 /* README.md */,
				40CB85552F9E174E007CF994 /* LICENSE.txt */,
				40CB84D02F9BC859007CF994 /* Data */,
				40CB84CF2F9BC849007CF994 /* Resources */,
				40CB84CE2F9BC83E007CF994 /* Sources */,
				40CB847F2F9BC7E3007CF994 /* DemoBots Shared */,
				40CB848A2F9BC7E5007CF994 /* DemoBots iOS */,
				40CB849A2F9BC7E5007CF994 /* DemoBots tvOS */,
				40CB84AA2F9BC7E5007CF994 /* DemoBots macOS */,
				40CB84892F9BC7E5007CF994 /* Products */,
			);
			sourceTree = "<group>";
		};
		40CB84892F9BC7E5007CF994 /* Products */ = {
			isa = PBXGroup;
			children = (
				40CB84882F9BC7E5007CF994 /* DemoBots.app */,
				40CB84992F9BC7E5007CF994 /* DemoBots.app */,
				40CB84A92F9BC7E5007CF994 /* DemoBots.app */,
			);
			name = Products;
			sourceTree = "<group>";
		};
/* End PBXGroup section */

/* Begin PBXNativeTarget section */
		40CB84872F9BC7E5007CF994 /* DemoBots iOS */ = {
			isa = PBXNativeTarget;
			buildConfigurationList = 40CB84BF2F9BC7E5007CF994 /* Build configuration list for PBXNativeTarget "DemoBots iOS" */;
			buildPhases = (
				40CB84842F9BC7E5007CF994 /* Sources */,
				40CB84852F9BC7E5007CF994 /* Frameworks */,
				40CB84862F9BC7E5007CF994 /* Resources */,
			);
			buildRules = (
			);
			dependencies = (
			);
			fileSystemSynchronizedGroups = (
				40CB848A2F9BC7E5007CF994 /* DemoBots iOS */,
				40CB84CE2F9BC83E007CF994 /* Sources */,
				40CB84CF2F9BC849007CF994 /* Resources */,
				40CB84D02F9BC859007CF994 /* Data */,
			);
			name = "DemoBots iOS";
			packageProductDependencies = (
			);
			productName = "DemoBots iOS";
			productReference = 40CB84882F9BC7E5007CF994 /* DemoBots.app */;
			productType = "com.apple.product-type.application";
		};
		40CB84982F9BC7E5007CF994 /* DemoBots tvOS */ = {
			isa = PBXNativeTarget;
			buildConfigurationList = 40CB84C42F9BC7E5007CF994 /* Build configuration list for PBXNativeTarget "DemoBots tvOS" */;
			buildPhases = (
				40CB84952F9BC7E5007CF994 /* Sources */,
				40CB84962F9BC7E5007CF994 /* Frameworks */,
				40CB84972F9BC7E5007CF994 /* Resources */,
			);
			buildRules = (
			);
			dependencies = (
			);
			fileSystemSynchronizedGroups = (
				40CB849A2F9BC7E5007CF994 /* DemoBots tvOS */,
			);
			name = "DemoBots tvOS";
			packageProductDependencies = (
			);
			productName = "DemoBots tvOS";
			productReference = 40CB84992F9BC7E5007CF994 /* DemoBots.app */;
			productType = "com.apple.product-type.application";
		};
		40CB84A82F9BC7E5007CF994 /* DemoBots macOS */ = {
			isa = PBXNativeTarget;
			buildConfigurationList = 40CB84C92F9BC7E5007CF994 /* Build configuration list for PBXNativeTarget "DemoBots macOS" */;
			buildPhases = (
				40CB84A52F9BC7E5007CF994 /* Sources */,
				40CB84A62F9BC7E5007CF994 /* Frameworks */,
				40CB84A72F9BC7E5007CF994 /* Resources */,
			);
			buildRules = (
			);
			dependencies = (
			);
			fileSystemSynchronizedGroups = (
				40CB84AA2F9BC7E5007CF994 /* DemoBots macOS */,
			);
			name = "DemoBots macOS";
			packageProductDependencies = (
			);
			productName = "DemoBots macOS";
			productReference = 40CB84A92F9BC7E5007CF994 /* DemoBots.app */;
			productType = "com.apple.product-type.application";
		};
/* End PBXNativeTarget section */

/* Begin PBXProject section */
		40CB847B2F9BC7E2007CF994 /* Project object */ = {
			isa = PBXProject;
			attributes = {
				BuildIndependentTargetsInParallel = 1;
				KnownAssetTags = (
					Blue,
					FlyingBot,
					Green,
					GroundBot,
					Level1,
					Level2,
					Level3,
				);
				LastSwiftUpdateCheck = 2640;
				LastUpgradeCheck = 2640;
				TargetAttributes = {
					40CB84872F9BC7E5007CF994 = {
						CreatedOnToolsVersion = 26.4.1;
					};
					40CB84982F9BC7E5007CF994 = {
						CreatedOnToolsVersion = 26.4.1;
					};
					40CB84A82F9BC7E5007CF994 = {
						CreatedOnToolsVersion = 26.4.1;
					};
				};
			};
			buildConfigurationList = 40CB847E2F9BC7E2007CF994 /* Build configuration list for PBXProject "DemoBots" */;
			developmentRegion = en;
			hasScannedForEncodings = 0;
			knownRegions = (
				en,
				Base,
			);
			mainGroup = 40CB847A2F9BC7E2007CF994;
			minimizedProjectReferenceProxies = 1;
			preferredProjectObjectVersion = 77;
			productRefGroup = 40CB84892F9BC7E5007CF994 /* Products */;
			projectDirPath = "";
			projectRoot = "";
			targets = (
				40CB84872F9BC7E5007CF994 /* DemoBots iOS */,
				40CB84982F9BC7E5007CF994 /* DemoBots tvOS */,
				40CB84A82F9BC7E5007CF994 /* DemoBots macOS */,
			);
		};
/* End PBXProject section */

/* Begin PBXResourcesBuildPhase section */
		40CB84862F9BC7E5007CF994 /* Resources */ = {
			isa = PBXResourcesBuildPhase;
			buildActionMask = 2147483647;
			files = (
				40CB85582F9E1795007CF994 /* README.md in Resources */,
				40CB85562F9E174E007CF994 /* LICENSE.txt in Resources */,
			);
			runOnlyForDeploymentPostprocessing = 0;
		};
		40CB84972F9BC7E5007CF994 /* Resources */ = {
			isa = PBXResourcesBuildPhase;
			buildActionMask = 2147483647;
			files = (
			);
			runOnlyForDeploymentPostprocessing = 0;
		};
		40CB84A72F9BC7E5007CF994 /* Resources */ = {
			isa = PBXResourcesBuildPhase;
			buildActionMask = 2147483647;
			files = (
			);
			runOnlyForDeploymentPostprocessing = 0;
		};
/* End PBXResourcesBuildPhase section */

/* Begin PBXSourcesBuildPhase section */
		40CB84842F9BC7E5007CF994 /* Sources */ = {
			isa = PBXSourcesBuildPhase;
			buildActionMask = 2147483647;
			files = (
			);
			runOnlyForDeploymentPostprocessing = 0;
		};
		40CB84952F9BC7E5007CF994 /* Sources */ = {
			isa = PBXSourcesBuildPhase;
			buildActionMask = 2147483647;
			files = (
			);
			runOnlyForDeploymentPostprocessing = 0;
		};
		40CB84A52F9BC7E5007CF994 /* Sources */ = {
			isa = PBXSourcesBuildPhase;
			buildActionMask = 2147483647;
			files = (
			);
			runOnlyForDeploymentPostprocessing = 0;
		};
/* End PBXSourcesBuildPhase section */

/* Begin XCBuildConfiguration section */
		40CB84C02F9BC7E5007CF994 /* Debug */ = {
			isa = XCBuildConfiguration;
			buildSettings = {
				ASSETCATALOG_COMPILER_APPICON_NAME = AppIcon;
				ASSETCATALOG_COMPILER_GLOBAL_ACCENT_COLOR_NAME = AccentColor;
				CODE_SIGN_STYLE = Automatic;
				CURRENT_PROJECT_VERSION = 1;
				DEVELOPMENT_TEAM = G9D6B25SS4;
				GENERATE_INFOPLIST_FILE = YES;
				INFOPLIST_FILE = "DemoBots iOS/Info.plist";
				INFOPLIST_KEY_UIApplicationSupportsIndirectInputEvents = YES;
				INFOPLIST_KEY_UIMainStoryboardFile = Main;
				INFOPLIST_KEY_UIStatusBarHidden = YES;
				INFOPLIST_KEY_UISupportedInterfaceOrientations_iPad = "UIInterfaceOrientationPortrait UIInterfaceOrientationPortraitUpsideDown UIInterfaceOrientationLandscapeLeft UIInterfaceOrientationLandscapeRight";
				INFOPLIST_KEY_UISupportedInterfaceOrientations_iPhone = "UIInterfaceOrientationPortrait UIInterfaceOrientationLandscapeLeft UIInterfaceOrientationLandscapeRight";
				IPHONEOS_DEPLOYMENT_TARGET = 26.4;
				LD_RUNPATH_SEARCH_PATHS = (
					"$(inherited)",
					"@executable_path/Frameworks",
				);
				MARKETING_VERSION = 1.0;
				PRODUCT_BUNDLE_IDENTIFIER = com.munval.DemoBots;
				PRODUCT_NAME = DemoBots;
				SDKROOT = iphoneos;
				STRING_CATALOG_GENERATE_SYMBOLS = YES;
				SWIFT_APPROACHABLE_CONCURRENCY = YES;
				SWIFT_DEFAULT_ACTOR_ISOLATION = MainActor;
				SWIFT_EMIT_LOC_STRINGS = YES;
				SWIFT_UPCOMING_FEATURE_MEMBER_IMPORT_VISIBILITY = YES;
				SWIFT_VERSION = 6.0;
				TARGETED_DEVICE_FAMILY = "1,2";
			};
			name = Debug;
		};
		40CB84C12F9BC7E5007CF994 /* Release */ = {
			isa = XCBuildConfiguration;
			buildSettings = {
				ASSETCATALOG_COMPILER_APPICON_NAME = AppIcon;
				ASSETCATALOG_COMPILER_GLOBAL_ACCENT_COLOR_NAME = AccentColor;
				CODE_SIGN_STYLE = Automatic;
				CURRENT_PROJECT_VERSION = 1;
				DEVELOPMENT_TEAM = G9D6B25SS4;
				GENERATE_INFOPLIST_FILE = YES;
				INFOPLIST_FILE = "DemoBots iOS/Info.plist";
				INFOPLIST_KEY_UIApplicationSupportsIndirectInputEvents = YES;
				INFOPLIST_KEY_UIMainStoryboardFile = Main;
				INFOPLIST_KEY_UIStatusBarHidden = YES;
				INFOPLIST_KEY_UISupportedInterfaceOrientations_iPad = "UIInterfaceOrientationPortrait UIInterfaceOrientationPortraitUpsideDown UIInterfaceOrientationLandscapeLeft UIInterfaceOrientationLandscapeRight";
				INFOPLIST_KEY_UISupportedInterfaceOrientations_iPhone = "UIInterfaceOrientationPortrait UIInterfaceOrientationLandscapeLeft UIInterfaceOrientationLandscapeRight";
				IPHONEOS_DEPLOYMENT_TARGET = 26.4;
				LD_RUNPATH_SEARCH_PATHS = (
					"$(inherited)",
					"@executable_path/Frameworks",
				);
				MARKETING_VERSION = 1.0;
				PRODUCT_BUNDLE_IDENTIFIER = com.munval.DemoBots;
				PRODUCT_NAME = DemoBots;
				SDKROOT = iphoneos;
				STRING_CATALOG_GENERATE_SYMBOLS = YES;
				SWIFT_APPROACHABLE_CONCURRENCY = YES;
				SWIFT_DEFAULT_ACTOR_ISOLATION = MainActor;
				SWIFT_EMIT_LOC_STRINGS = YES;
				SWIFT_UPCOMING_FEATURE_MEMBER_IMPORT_VISIBILITY = YES;
				SWIFT_VERSION = 6.0;
				TARGETED_DEVICE_FAMILY = "1,2";
				VALIDATE_PRODUCT = YES;
			};
			name = Release;
		};
		40CB84C52F9BC7E5007CF994 /* Debug */ = {
			isa = XCBuildConfiguration;
			buildSettings = {
				ASSETCATALOG_COMPILER_APPICON_NAME = "tvOS App Icon & Top Shelf Image";
				ASSETCATALOG_COMPILER_GLOBAL_ACCENT_COLOR_NAME = AccentColor;
				CODE_SIGN_STYLE = Automatic;
				CURRENT_PROJECT_VERSION = 1;
				DEVELOPMENT_TEAM = G9D6B25SS4;
				GENERATE_INFOPLIST_FILE = YES;
				INFOPLIST_FILE = "DemoBots tvOS/Info.plist";
				INFOPLIST_KEY_UILaunchStoryboardName = LaunchScreen;
				INFOPLIST_KEY_UIMainStoryboardFile = Main;
				INFOPLIST_KEY_UIUserInterfaceStyle = Automatic;
				LD_RUNPATH_SEARCH_PATHS = (
					"$(inherited)",
					"@executable_path/Frameworks",
				);
				MARKETING_VERSION = 1.0;
				PRODUCT_BUNDLE_IDENTIFIER = com.munval.DemoBots;
				PRODUCT_NAME = DemoBots;
				SDKROOT = appletvos;
				STRING_CATALOG_GENERATE_SYMBOLS = YES;
				SWIFT_APPROACHABLE_CONCURRENCY = YES;
				SWIFT_DEFAULT_ACTOR_ISOLATION = MainActor;
				SWIFT_EMIT_LOC_STRINGS = YES;
				SWIFT_UPCOMING_FEATURE_MEMBER_IMPORT_VISIBILITY = YES;
				SWIFT_VERSION = 5.0;
				TARGETED_DEVICE_FAMILY = 3;
				TVOS_DEPLOYMENT_TARGET = 26.4;
			};
			name = Debug;
		};
		40CB84C62F9BC7E5007CF994 /* Release */ = {
			isa = XCBuildConfiguration;
			buildSettings = {
				ASSETCATALOG_COMPILER_APPICON_NAME = "tvOS App Icon & Top Shelf Image";
				ASSETCATALOG_COMPILER_GLOBAL_ACCENT_COLOR_NAME = AccentColor;
				CODE_SIGN_STYLE = Automatic;
				CURRENT_PROJECT_VERSION = 1;
				DEVELOPMENT_TEAM = G9D6B25SS4;
				GENERATE_INFOPLIST_FILE = YES;
				INFOPLIST_FILE = "DemoBots tvOS/Info.plist";
				INFOPLIST_KEY_UILaunchStoryboardName = LaunchScreen;
				INFOPLIST_KEY_UIMainStoryboardFile = Main;
				INFOPLIST_KEY_UIUserInterfaceStyle = Automatic;
				LD_RUNPATH_SEARCH_PATHS = (
					"$(inherited)",
					"@executable_path/Frameworks",
				);
				MARKETING_VERSION = 1.0;
				PRODUCT_BUNDLE_IDENTIFIER = com.munval.DemoBots;
				PRODUCT_NAME = DemoBots;
				SDKROOT = appletvos;
				STRING_CATALOG_GENERATE_SYMBOLS = YES;
				SWIFT_APPROACHABLE_CONCURRENCY = YES;
				SWIFT_DEFAULT_ACTOR_ISOLATION = MainActor;
				SWIFT_EMIT_LOC_STRINGS = YES;
				SWIFT_UPCOMING_FEATURE_MEMBER_IMPORT_VISIBILITY = YES;
				SWIFT_VERSION = 5.0;
				TARGETED_DEVICE_FAMILY = 3;
				TVOS_DEPLOYMENT_TARGET = 26.4;
				VALIDATE_PRODUCT = YES;
			};
			name = Release;
		};
		40CB84CA2F9BC7E5007CF994 /* Debug */ = {
			isa = XCBuildConfiguration;
			buildSettings = {
				ASSETCATALOG_COMPILER_APPICON_NAME = AppIcon;
				ASSETCATALOG_COMPILER_GLOBAL_ACCENT_COLOR_NAME = AccentColor;
				CODE_SIGN_STYLE = Automatic;
				COMBINE_HIDPI_IMAGES = YES;
				CURRENT_PROJECT_VERSION = 1;
				DEVELOPMENT_TEAM = G9D6B25SS4;
				ENABLE_APP_SANDBOX = YES;
				ENABLE_HARDENED_RUNTIME = YES;
				ENABLE_USER_SELECTED_FILES = readonly;
				GENERATE_INFOPLIST_FILE = YES;
				INFOPLIST_KEY_NSHumanReadableCopyright = "";
				INFOPLIST_KEY_NSMainStoryboardFile = Main;
				INFOPLIST_KEY_NSPrincipalClass = NSApplication;
				LD_RUNPATH_SEARCH_PATHS = (
					"$(inherited)",
					"@executable_path/../Frameworks",
				);
				MACOSX_DEPLOYMENT_TARGET = 26.3;
				MARKETING_VERSION = 1.0;
				PRODUCT_BUNDLE_IDENTIFIER = com.munval.DemoBots;
				PRODUCT_NAME = DemoBots;
				REGISTER_APP_GROUPS = YES;
				SDKROOT = macosx;
				STRING_CATALOG_GENERATE_SYMBOLS = YES;
				SWIFT_APPROACHABLE_CONCURRENCY = YES;
				SWIFT_DEFAULT_ACTOR_ISOLATION = MainActor;
				SWIFT_EMIT_LOC_STRINGS = YES;
				SWIFT_UPCOMING_FEATURE_MEMBER_IMPORT_VISIBILITY = YES;
				SWIFT_VERSION = 5.0;
			};
			name = Debug;
		};
		40CB84CB2F9BC7E5007CF994 /* Release */ = {
			isa = XCBuildConfiguration;
			buildSettings = {
				ASSETCATALOG_COMPILER_APPICON_NAME = AppIcon;
				ASSETCATALOG_COMPILER_GLOBAL_ACCENT_COLOR_NAME = AccentColor;
				CODE_SIGN_STYLE = Automatic;
				COMBINE_HIDPI_IMAGES = YES;
				CURRENT_PROJECT_VERSION = 1;
				DEVELOPMENT_TEAM = G9D6B25SS4;
				ENABLE_APP_SANDBOX = YES;
				ENABLE_HARDENED_RUNTIME = YES;
				ENABLE_USER_SELECTED_FILES = readonly;
				GENERATE_INFOPLIST_FILE = YES;
				INFOPLIST_KEY_NSHumanReadableCopyright = "";
				INFOPLIST_KEY_NSMainStoryboardFile = Main;
				INFOPLIST_KEY_NSPrincipalClass = NSApplication;
				LD_RUNPATH_SEARCH_PATHS = (
					"$(inherited)",
					"@executable_path/../Frameworks",
				);
				MACOSX_DEPLOYMENT_TARGET = 26.3;
				MARKETING_VERSION = 1.0;
				PRODUCT_BUNDLE_IDENTIFIER = com.munval.DemoBots;
				PRODUCT_NAME = DemoBots;
				REGISTER_APP_GROUPS = YES;
				SDKROOT = macosx;
				STRING_CATALOG_GENERATE_SYMBOLS = YES;
				SWIFT_APPROACHABLE_CONCURRENCY = YES;
				SWIFT_DEFAULT_ACTOR_ISOLATION = MainActor;
				SWIFT_EMIT_LOC_STRINGS = YES;
				SWIFT_UPCOMING_FEATURE_MEMBER_IMPORT_VISIBILITY = YES;
				SWIFT_VERSION = 5.0;
			};
			name = Release;
		};
		40CB84CC2F9BC7E5007CF994 /* Debug */ = {
			isa = XCBuildConfiguration;
			buildSettings = {
				ALWAYS_SEARCH_USER_PATHS = NO;
				ASSETCATALOG_COMPILER_GENERATE_SWIFT_ASSET_SYMBOL_EXTENSIONS = YES;
				CLANG_ANALYZER_NONNULL = YES;
				CLANG_ANALYZER_NUMBER_OBJECT_CONVERSION = YES_AGGRESSIVE;
				CLANG_CXX_LANGUAGE_STANDARD = "gnu++20";
				CLANG_ENABLE_MODULES = YES;
				CLANG_ENABLE_OBJC_ARC = YES;
				CLANG_ENABLE_OBJC_WEAK = YES;
				CLANG_WARN_BLOCK_CAPTURE_AUTORELEASING = YES;
				CLANG_WARN_BOOL_CONVERSION = YES;
				CLANG_WARN_COMMA = YES;
				CLANG_WARN_CONSTANT_CONVERSION = YES;
				CLANG_WARN_DEPRECATED_OBJC_IMPLEMENTATIONS = YES;
				CLANG_WARN_DIRECT_OBJC_ISA_USAGE = YES_ERROR;
				CLANG_WARN_DOCUMENTATION_COMMENTS = YES;
				CLANG_WARN_EMPTY_BODY = YES;
				CLANG_WARN_ENUM_CONVERSION = YES;
				CLANG_WARN_INFINITE_RECURSION = YES;
				CLANG_WARN_INT_CONVERSION = YES;
				CLANG_WARN_NON_LITERAL_NULL_CONVERSION = YES;
				CLANG_WARN_OBJC_IMPLICIT_RETAIN_SELF = YES;
				CLANG_WARN_OBJC_LITERAL_CONVERSION = YES;
				CLANG_WARN_OBJC_ROOT_CLASS = YES_ERROR;
				CLANG_WARN_QUOTED_INCLUDE_IN_FRAMEWORK_HEADER = YES;
				CLANG_WARN_RANGE_LOOP_ANALYSIS = YES;
				CLANG_WARN_STRICT_PROTOTYPES = YES;
				CLANG_WARN_SUSPICIOUS_MOVE = YES;
				CLANG_WARN_UNGUARDED_AVAILABILITY = YES_AGGRESSIVE;
				CLANG_WARN_UNREACHABLE_CODE = YES;
				CLANG_WARN__DUPLICATE_METHOD_MATCH = YES;
				COPY_PHASE_STRIP = NO;
				DEBUG_INFORMATION_FORMAT = dwarf;
				DEVELOPMENT_TEAM = G9D6B25SS4;
				ENABLE_STRICT_OBJC_MSGSEND = YES;
				ENABLE_TESTABILITY = YES;
				ENABLE_USER_SCRIPT_SANDBOXING = YES;
				GCC_C_LANGUAGE_STANDARD = gnu17;
				GCC_DYNAMIC_NO_PIC = NO;
				GCC_NO_COMMON_BLOCKS = YES;
				GCC_OPTIMIZATION_LEVEL = 0;
				GCC_PREPROCESSOR_DEFINITIONS = (
					"DEBUG=1",
					"$(inherited)",
				);
				GCC_WARN_64_TO_32_BIT_CONVERSION = YES;
				GCC_WARN_ABOUT_RETURN_TYPE = YES_ERROR;
				GCC_WARN_UNDECLARED_SELECTOR = YES;
				GCC_WARN_UNINITIALIZED_AUTOS = YES_AGGRESSIVE;
				GCC_WARN_UNUSED_FUNCTION = YES;
				GCC_WARN_UNUSED_VARIABLE = YES;
				LOCALIZATION_PREFERS_STRING_CATALOGS = YES;
				MTL_ENABLE_DEBUG_INFO = INCLUDE_SOURCE;
				MTL_FAST_MATH = YES;
				ONLY_ACTIVE_ARCH = YES;
				SWIFT_ACTIVE_COMPILATION_CONDITIONS = "DEBUG $(inherited)";
				SWIFT_OPTIMIZATION_LEVEL = "-Onone";
			};
			name = Debug;
		};
		40CB84CD2F9BC7E5007CF994 /* Release */ = {
			isa = XCBuildConfiguration;
			buildSettings = {
				ALWAYS_SEARCH_USER_PATHS = NO;
				ASSETCATALOG_COMPILER_GENERATE_SWIFT_ASSET_SYMBOL_EXTENSIONS = YES;
				CLANG_ANALYZER_NONNULL = YES;
				CLANG_ANALYZER_NUMBER_OBJECT_CONVERSION = YES_AGGRESSIVE;
				CLANG_CXX_LANGUAGE_STANDARD = "gnu++20";
				CLANG_ENABLE_MODULES = YES;
				CLANG_ENABLE_OBJC_ARC = YES;
				CLANG_ENABLE_OBJC_WEAK = YES;
				CLANG_WARN_BLOCK_CAPTURE_AUTORELEASING = YES;
				CLANG_WARN_BOOL_CONVERSION = YES;
				CLANG_WARN_COMMA = YES;
				CLANG_WARN_CONSTANT_CONVERSION = YES;
				CLANG_WARN_DEPRECATED_OBJC_IMPLEMENTATIONS = YES;
				CLANG_WARN_DIRECT_OBJC_ISA_USAGE = YES_ERROR;
				CLANG_WARN_DOCUMENTATION_COMMENTS = YES;
				CLANG_WARN_EMPTY_BODY = YES;
				CLANG_WARN_ENUM_CONVERSION = YES;
				CLANG_WARN_INFINITE_RECURSION = YES;
				CLANG_WARN_INT_CONVERSION = YES;
				CLANG_WARN_NON_LITERAL_NULL_CONVERSION = YES;
				CLANG_WARN_OBJC_IMPLICIT_RETAIN_SELF = YES;
				CLANG_WARN_OBJC_LITERAL_CONVERSION = YES;
				CLANG_WARN_OBJC_ROOT_CLASS = YES_ERROR;
				CLANG_WARN_QUOTED_INCLUDE_IN_FRAMEWORK_HEADER = YES;
				CLANG_WARN_RANGE_LOOP_ANALYSIS = YES;
				CLANG_WARN_STRICT_PROTOTYPES = YES;
				CLANG_WARN_SUSPICIOUS_MOVE = YES;
				CLANG_WARN_UNGUARDED_AVAILABILITY = YES_AGGRESSIVE;
				CLANG_WARN_UNREACHABLE_CODE = YES;
				CLANG_WARN__DUPLICATE_METHOD_MATCH = YES;
				COPY_PHASE_STRIP = NO;
				DEBUG_INFORMATION_FORMAT = "dwarf-with-dsym";
				DEVELOPMENT_TEAM = G9D6B25SS4;
				ENABLE_NS_ASSERTIONS = NO;
				ENABLE_STRICT_OBJC_MSGSEND = YES;
				ENABLE_USER_SCRIPT_SANDBOXING = YES;
				GCC_C_LANGUAGE_STANDARD = gnu17;
				GCC_NO_COMMON_BLOCKS = YES;
				GCC_WARN_64_TO_32_BIT_CONVERSION = YES;
				GCC_WARN_ABOUT_RETURN_TYPE = YES_ERROR;
				GCC_WARN_UNDECLARED_SELECTOR = YES;
				GCC_WARN_UNINITIALIZED_AUTOS = YES_AGGRESSIVE;
				GCC_WARN_UNUSED_FUNCTION = YES;
				GCC_WARN_UNUSED_VARIABLE = YES;
				LOCALIZATION_PREFERS_STRING_CATALOGS = YES;
				MTL_ENABLE_DEBUG_INFO = NO;
				MTL_FAST_MATH = YES;
				SWIFT_COMPILATION_MODE = wholemodule;
			};
			name = Release;
		};
/* End XCBuildConfiguration section */

/* Begin XCConfigurationList section */
		40CB847E2F9BC7E2007CF994 /* Build configuration list for PBXProject "DemoBots" */ = {
			isa = XCConfigurationList;
			buildConfigurations = (
				40CB84CC2F9BC7E5007CF994 /* Debug */,
				40CB84CD2F9BC7E5007CF994 /* Release */,
			);
			defaultConfigurationIsVisible = 0;
			defaultConfigurationName = Release;
		};
		40CB84BF2F9BC7E5007CF994 /* Build configuration list for PBXNativeTarget "DemoBots iOS" */ = {
			isa = XCConfigurationList;
			buildConfigurations = (
				40CB84C02F9BC7E5007CF994 /* Debug */,
				40CB84C12F9BC7E5007CF994 /* Release */,
			);
			defaultConfigurationIsVisible = 0;
			defaultConfigurationName = Release;
		};
		40CB84C42F9BC7E5007CF994 /* Build configuration list for PBXNativeTarget "DemoBots tvOS" */ = {
			isa = XCConfigurationList;
			buildConfigurations = (
				40CB84C52F9BC7E5007CF994 /* Debug */,
				40CB84C62F9BC7E5007CF994 /* Release */,
			);
			defaultConfigurationIsVisible = 0;
			defaultConfigurationName = Release;
		};
		40CB84C92F9BC7E5007CF994 /* Build configuration list for PBXNativeTarget "DemoBots macOS" */ = {
			isa = XCConfigurationList;
			buildConfigurations = (
				40CB84CA2F9BC7E5007CF994 /* Debug */,
				40CB84CB2F9BC7E5007CF994 /* Release */,
			);
			defaultConfigurationIsVisible = 0;
			defaultConfigurationName = Release;
		};
/* End XCConfigurationList section */
	};
	rootObject = 40CB847B2F9BC7E2007CF994 /* Project object */;
}
